
Microsoft Visual Studio Solution File, Format Version 12.00
# Visual Studio Version 17
VisualStudioVersion = 17.8.34330.188
MinimumVisualStudioVersion = 10.0.40219.1
Project("{9A19103F-16F7-4668-BE54-9A1E7A4F7556}") = "Ted Shop System", "Ted Shop\Ted Shop System.csproj", "{0B07D4D2-439F-47A1-BAEE-19EAAB512B99}"
EndProject
Project("{9A19103F-16F7-4668-BE54-9A1E7A4F7556}") = "Repositories", "Repositories\Repositories.csproj", "{96E43DB2-2D1F-4C78-92B4-E282C0AB41D0}"
EndProject
Project("{9A19103F-16F7-4668-BE54-9A1E7A4F7556}") = "Services", "Services\Services.csproj", "{1BC84B7A-DA35-4061-AF8B-387C0357C435}"
EndProject
Global
	GlobalSection(SolutionConfigurationPlatforms) = preSolution
		Debug|Any CPU = Debug|Any CPU
		Release|Any CPU = Release|Any CPU
	EndGlobalSection
	GlobalSection(ProjectConfigurationPlatforms) = postSolution
		{0B07D4D2-439F-47A1-BAEE-19EAAB512B99}.Debug|Any CPU.ActiveCfg = Debug|Any CPU
		{0B07D4D2-439F-47A1-BAEE-19EAAB512B99}.Debug|Any CPU.Build.0 = Debug|Any CPU
		{0B07D4D2-439F-47A1-BAEE-19EAAB512B99}.Release|Any CPU.ActiveCfg = Release|Any CPU
		{0B07D4D2-439F-47A1-BAEE-19EAAB512B99}.Release|Any CPU.Build.0 = Release|Any CPU
		{96E43DB2-2D1F-4C78-92B4-E282C0AB41D0}.Debug|Any CPU.ActiveCfg = Debug|Any CPU
		{96E43DB2-2D1F-4C78-92B4-E282C0AB41D0}.Debug|Any CPU.Build.0 = Debug|Any CPU
		{96E43DB2-2D1F-4C78-92B4-E282C0AB41D0}.Release|Any CPU.ActiveCfg = Release|Any CPU
		{96E43DB2-2D1F-4C78-92B4-E282C0AB41D0}.Release|Any CPU.Build.0 = Release|Any CPU
		{1BC84B7A-DA35-4061-AF8B-387C0357C435}.Debug|Any CPU.ActiveCfg = Debug|Any CPU
		{1BC84B7A-DA35-4061-AF8B-387C0357C435}.Debug|Any CPU.Build.0 = Debug|Any CPU
		{1BC84B7A-DA35-4061-AF8B-387C0357C435}.Release|Any CPU.ActiveCfg = Release|Any CPU
		{1BC84B7A-DA35-4061-AF8B-387C0357C435}.Release|Any CPU.Build.0 = Release|Any CPU
	EndGlobalSection
	GlobalSection(SolutionProperties) = preSolution
		HideSolutionNode = FALSE
	EndGlobalSection
	GlobalSection(ExtensibilityGlobals) = postSolution
		SolutionGuid = {B96FCD96-99A2-4725-9684-572D87423AA3}
	EndGlobalSection
EndGlobal
